
Microsoft Visual Studio Solution File, Format Version 12.00
# Visual Studio Version 16
VisualStudioVersion = 16.0.28803.202
MinimumVisualStudioVersion = 10.0.40219.1
Project("{FAE04EC0-301F-11D3-BF4B-00C04F79EFBC}") = "todo", "todo\todo.csproj", "{82BDE6A3-F721-4AFE-86F6-5A83E00BD5FE}"
EndProject
Global
	GlobalSection(SolutionConfigurationPlatforms) = preSolution
		Debug|Any CPU = Debug|Any CPU
		Release|Any CPU = Release|Any CPU
	EndGlobalSection
	GlobalSection(ProjectConfigurationPlatforms) = postSolution
		{82BDE6A3-F721-4AFE-86F6-5A83E00BD5FE}.Debug|Any CPU.ActiveCfg = Debug|Any CPU
		{82BDE6A3-F721-4AFE-86F6-5A83E00BD5FE}.Debug|Any CPU.Build.0 = Debug|Any CPU
		{82BDE6A3-F721-4AFE-86F6-5A83E00BD5FE}.Release|Any CPU.ActiveCfg = Release|Any CPU
		{82BDE6A3-F721-4AFE-86F6-5A83E00BD5FE}.Release|Any CPU.Build.0 = Release|Any CPU
	EndGlobalSection
	GlobalSection(SolutionProperties) = preSolution
		HideSolutionNode = FALSE
	EndGlobalSection
	GlobalSection(ExtensibilityGlobals) = postSolution
		SolutionGuid = {6DEB5583-AF90-49FA-A6D4-BF70AD1B55BE}
	EndGlobalSection
EndGlobal
